
Microsoft Visual Studio Solution File, Format Version 12.00
# Visual Studio Version 17
VisualStudioVersion = 17.5.33530.505
MinimumVisualStudioVersion = 10.0.40219.1
Project("{FAE04EC0-301F-11D3-BF4B-00C04F79EFBC}") = "Twibbly", "Twibbly.csproj", "{1812CA22-88D9-42BE-937D-18966042C06F}"
EndProject
Global
	GlobalSection(SolutionConfigurationPlatforms) = preSolution
		Debug|Any CPU = Debug|Any CPU
		Release|Any CPU = Release|Any CPU
	EndGlobalSection
	GlobalSection(ProjectConfigurationPlatforms) = postSolution
		{1812CA22-88D9-42BE-937D-18966042C06F}.Debug|Any CPU.ActiveCfg = Debug|Any CPU
		{1812CA22-88D9-42BE-937D-18966042C06F}.Debug|Any CPU.Build.0 = Debug|Any CPU
		{1812CA22-88D9-42BE-937D-18966042C06F}.Release|Any CPU.ActiveCfg = Release|Any CPU
		{1812CA22-88D9-42BE-937D-18966042C06F}.Release|Any CPU.Build.0 = Release|Any CPU
	EndGlobalSection
	GlobalSection(SolutionProperties) = preSolution
		HideSolutionNode = FALSE
	EndGlobalSection
	GlobalSection(ExtensibilityGlobals) = postSolution
		SolutionGuid = {52CB0D33-D0DC-4364-92AD-5718DFA8B7B4}
	EndGlobalSection
EndGlobal
